Microsoft Visual Studio Solution File, Format Version 12.00
# Visual Studio 15
VisualStudioVersion = 15.0.27004.2006
MinimumVisualStudioVersion = 10.0.40219.1
Project("{9A19103F-16F7-4668-BE54-9A1E7A4F7556}") = "Zuehlke.Hades", "Zuehlke.Hades\Zuehlke.Hades.csproj", "{517476D8-7673-4096-948A-3F918BE0E49F}"
EndProject
Project("{9A19103F-16F7-4668-BE54-9A1E7A4F7556}") = "Zuehlke.Hades.Test", "Zuehlke.Hades.Test\Zuehlke.Hades.Test.csproj", "{4ABB99F6-8D19-4EC4-B1F0-F8F9832D18FC}"
EndProject
Global
	GlobalSection(SolutionConfigurationPlatforms) = preSolution
		Debug|Any CPU = Debug|Any CPU
		Debug|x64 = Debug|x64
		Debug|x86 = Debug|x86
		Release|Any CPU = Release|Any CPU
		Release|x64 = Release|x64
		Release|x86 = Release|x86
	EndGlobalSection
	GlobalSection(ProjectConfigurationPlatforms) = postSolution
		{517476D8-7673-4096-948A-3F918BE0E49F}.Debug|Any CPU.ActiveCfg = Debug|Any CPU
		{517476D8-7673-4096-948A-3F918BE0E49F}.Debug|Any CPU.Build.0 = Debug|Any CPU
		{517476D8-7673-4096-948A-3F918BE0E49F}.Debug|x64.ActiveCfg = Debug|Any CPU
		{517476D8-7673-4096-948A-3F918BE0E49F}.Debug|x64.Build.0 = Debug|Any CPU
		{517476D8-7673-4096-948A-3F918BE0E49F}.Debug|x86.ActiveCfg = Debug|Any CPU
		{517476D8-7673-4096-948A-3F918BE0E49F}.Debug|x86.Build.0 = Debug|Any CPU
		{517476D8-7673-4096-948A-3F918BE0E49F}.Release|Any CPU.ActiveCfg = Release|Any CPU
		{517476D8-7673-4096-948A-3F918BE0E49F}.Release|Any CPU.Build.0 = Release|Any CPU
		{517476D8-7673-4096-948A-3F918BE0E49F}.Release|x64.ActiveCfg = Release|Any CPU
		{517476D8-7673-4096-948A-3F918BE0E49F}.Release|x64.Build.0 = Release|Any CPU
		{517476D8-7673-4096-948A-3F918BE0E49F}.Release|x86.ActiveCfg = Release|Any CPU
		{517476D8-7673-4096-948A-3F918BE0E49F}.Release|x86.Build.0 = Release|Any CPU
		{4ABB99F6-8D19-4EC4-B1F0-F8F9832D18FC}.Debug|Any CPU.ActiveCfg = Debug|Any CPU
		{4ABB99F6-8D19-4EC4-B1F0-F8F9832D18FC}.Debug|Any CPU.Build.0 = Debug|Any CPU
		{4ABB99F6-8D19-4EC4-B1F0-F8F9832D18FC}.Debug|x64.ActiveCfg = Debug|Any CPU
		{4ABB99F6-8D19-4EC4-B1F0-F8F9832D18FC}.Debug|x64.Build.0 = Debug|Any CPU
		{4ABB99F6-8D19-4EC4-B1F0-F8F9832D18FC}.Debug|x86.ActiveCfg = Debug|Any CPU
		{4ABB99F6-8D19-4EC4-B1F0-F8F9832D18FC}.Debug|x86.Build.0 = Debug|Any CPU
		{4ABB99F6-8D19-4EC4-B1F0-F8F9832D18FC}.Release|Any CPU.ActiveCfg = Release|Any CPU
		{4ABB99F6-8D19-4EC4-B1F0-F8F9832D18FC}.Release|Any CPU.Build.0 = Release|Any CPU
		{4ABB99F6-8D19-4EC4-B1F0-F8F9832D18FC}.Release|x64.ActiveCfg = Release|Any CPU
		{4ABB99F6-8D19-4EC4-B1F0-F8F9832D18FC}.Release|x64.Build.0 = Release|Any CPU
		{4ABB99F6-8D19-4EC4-B1F0-F8F9832D18FC}.Release|x86.ActiveCfg = Release|Any CPU
		{4ABB99F6-8D19-4EC4-B1F0-F8F9832D18FC}.Release|x86.Build.0 = Release|Any CPU
	EndGlobalSection
	GlobalSection(SolutionProperties) = preSolution
		HideSolutionNode = FALSE
	EndGlobalSection
	GlobalSection(ExtensibilityGlobals) = postSolution
		SolutionGuid = {B0BCB43E-753D-4FAC-84C4-F364ACE1BF49}
	EndGlobalSection
EndGlobal
